
Microsoft Visual Studio Solution File, Format Version 12.00
# Visual Studio 15
VisualStudioVersion = 15.0.28307.1401
MinimumVisualStudioVersion = 10.0.40219.1
Project("{FAE04EC0-301F-11D3-BF4B-00C04F79EFBC}") = "Tetris", "Tetris\Tetris.csproj", "{EBCA24DD-309F-408D-AA25-57EF7E361AFA}"
EndProject
Global
	GlobalSection(SolutionConfigurationPlatforms) = preSolution
		Debug|Any CPU = Debug|Any CPU
		Release|Any CPU = Release|Any CPU
	EndGlobalSection
	GlobalSection(ProjectConfigurationPlatforms) = postSolution
		{EBCA24DD-309F-408D-AA25-57EF7E361AFA}.Debug|Any CPU.ActiveCfg = Debug|Any CPU
		{EBCA24DD-309F-408D-AA25-57EF7E361AFA}.Debug|Any CPU.Build.0 = Debug|Any CPU
		{EBCA24DD-309F-408D-AA25-57EF7E361AFA}.Release|Any CPU.ActiveCfg = Release|Any CPU
		{EBCA24DD-309F-408D-AA25-57EF7E361AFA}.Release|Any CPU.Build.0 = Release|Any CPU
	EndGlobalSection
	GlobalSection(SolutionProperties) = preSolution
		HideSolutionNode = FALSE
	EndGlobalSection
	GlobalSection(ExtensibilityGlobals) = postSolution
		SolutionGuid = {B534294F-71E6-4290-8FE6-62725EC7B351}
	EndGlobalSection
EndGlobal
